
Microsoft Visual Studio Solution File, Format Version 12.00
# Visual Studio Version 17
VisualStudioVersion = 17.5.002.0
MinimumVisualStudioVersion = 10.0.40219.1
Project("{9A19103F-16F7-4668-BE54-9A1E7A4F7556}") = "MedicoverBot", "MedicoverBot.csproj", "{0D2E03BC-CA6D-4356-903F-FDCFF09D7EBA}"
EndProject
Global
	GlobalSection(SolutionConfigurationPlatforms) = preSolution
		Debug|Any CPU = Debug|Any CPU
		Release|Any CPU = Release|Any CPU
	EndGlobalSection
	GlobalSection(ProjectConfigurationPlatforms) = postSolution
		{0D2E03BC-CA6D-4356-903F-FDCFF09D7EBA}.Debug|Any CPU.ActiveCfg = Debug|Any CPU
		{0D2E03BC-CA6D-4356-903F-FDCFF09D7EBA}.Debug|Any CPU.Build.0 = Debug|Any CPU
		{0D2E03BC-CA6D-4356-903F-FDCFF09D7EBA}.Release|Any CPU.ActiveCfg = Release|Any CPU
		{0D2E03BC-CA6D-4356-903F-FDCFF09D7EBA}.Release|Any CPU.Build.0 = Release|Any CPU
	EndGlobalSection
	GlobalSection(SolutionProperties) = preSolution
		HideSolutionNode = FALSE
	EndGlobalSection
	GlobalSection(ExtensibilityGlobals) = postSolution
		SolutionGuid = {06E6B00B-EE7E-42D1-AECC-9FF9834F3BBE}
	EndGlobalSection
EndGlobal
